
Microsoft Visual Studio Solution File, Format Version 12.00
# Visual Studio Version 16
VisualStudioVersion = 16.0.32228.343
MinimumVisualStudioVersion = 10.0.40219.1
Project("{FAE04EC0-301F-11D3-BF4B-00C04F79EFBC}") = "Test", "Test.csproj", "{2DF855BB-85AE-41F9-92E9-09FA31576FAC}"
EndProject
Project("{FAE04EC0-301F-11D3-BF4B-00C04F79EFBC}") = "01", "..\01\01.csproj", "{6C9E7769-A23D-4738-B40E-82A5CAD34316}"
EndProject
Project("{FAE04EC0-301F-11D3-BF4B-00C04F79EFBC}") = "02", "..\02\02.csproj", "{4570D99A-9313-4A84-80DD-A767EB6A1713}"
EndProject
Project("{FAE04EC0-301F-11D3-BF4B-00C04F79EFBC}") = "03", "..\03\03.csproj", "{F7613A30-AA48-4A76-8035-F934B6040513}"
EndProject
Global
	GlobalSection(SolutionConfigurationPlatforms) = preSolution
		Debug|Any CPU = Debug|Any CPU
		Release|Any CPU = Release|Any CPU
	EndGlobalSection
	GlobalSection(ProjectConfigurationPlatforms) = postSolution
		{2DF855BB-85AE-41F9-92E9-09FA31576FAC}.Debug|Any CPU.ActiveCfg = Debug|Any CPU
		{2DF855BB-85AE-41F9-92E9-09FA31576FAC}.Debug|Any CPU.Build.0 = Debug|Any CPU
		{2DF855BB-85AE-41F9-92E9-09FA31576FAC}.Release|Any CPU.ActiveCfg = Release|Any CPU
		{2DF855BB-85AE-41F9-92E9-09FA31576FAC}.Release|Any CPU.Build.0 = Release|Any CPU
		{6C9E7769-A23D-4738-B40E-82A5CAD34316}.Debug|Any CPU.ActiveCfg = Debug|Any CPU
		{6C9E7769-A23D-4738-B40E-82A5CAD34316}.Debug|Any CPU.Build.0 = Debug|Any CPU
		{6C9E7769-A23D-4738-B40E-82A5CAD34316}.Release|Any CPU.ActiveCfg = Release|Any CPU
		{6C9E7769-A23D-4738-B40E-82A5CAD34316}.Release|Any CPU.Build.0 = Release|Any CPU
		{4570D99A-9313-4A84-80DD-A767EB6A1713}.Debug|Any CPU.ActiveCfg = Debug|Any CPU
		{4570D99A-9313-4A84-80DD-A767EB6A1713}.Debug|Any CPU.Build.0 = Debug|Any CPU
		{4570D99A-9313-4A84-80DD-A767EB6A1713}.Release|Any CPU.ActiveCfg = Release|Any CPU
		{4570D99A-9313-4A84-80DD-A767EB6A1713}.Release|Any CPU.Build.0 = Release|Any CPU
		{F7613A30-AA48-4A76-8035-F934B6040513}.Debug|Any CPU.ActiveCfg = Debug|Any CPU
		{F7613A30-AA48-4A76-8035-F934B6040513}.Debug|Any CPU.Build.0 = Debug|Any CPU
		{F7613A30-AA48-4A76-8035-F934B6040513}.Release|Any CPU.ActiveCfg = Release|Any CPU
		{F7613A30-AA48-4A76-8035-F934B6040513}.Release|Any CPU.Build.0 = Release|Any CPU
	EndGlobalSection
	GlobalSection(SolutionProperties) = preSolution
		HideSolutionNode = FALSE
	EndGlobalSection
	GlobalSection(ExtensibilityGlobals) = postSolution
		SolutionGuid = {725F28BE-4566-41FD-8F68-0D2806B21C3C}
	EndGlobalSection
EndGlobal
